
Microsoft Visual Studio Solution File, Format Version 12.00
# Visual Studio 2013
VisualStudioVersion = 12.0.21005.1
MinimumVisualStudioVersion = 10.0.40219.1
Project("{FAE04EC0-301F-11D3-BF4B-00C04F79EFBC}") = "TuCao.Model", "TuCao.Model\TuCao.Model.csproj", "{EB1CE1D0-47DF-44F1-9195-0EE848EF3F40}"
EndProject
Project("{FAE04EC0-301F-11D3-BF4B-00C04F79EFBC}") = "TuCao.BLL", "TuCao.BLL\TuCao.BLL.csproj", "{C14DDED4-9AA7-472E-9780-203CD4F9D153}"
EndProject
Project("{FAE04EC0-301F-11D3-BF4B-00C04F79EFBC}") = "TuCao.DAL", "TuCao.DAL\TuCao.DAL.csproj", "{2FD8DCCD-F23E-43F7-9F30-4BD2F2956035}"
EndProject
Project("{FAE04EC0-301F-11D3-BF4B-00C04F79EFBC}") = "TuCao.DataAccess", "TuCao.DataAccess\TuCao.DataAccess.csproj", "{431325DC-C324-45E8-B8CA-8A3A7EBD6FE6}"
EndProject
Project("{FAE04EC0-301F-11D3-BF4B-00C04F79EFBC}") = "TuCao.Utility", "TuCao.Utility\TuCao.Utility.csproj", "{E19B9D1F-2A70-4494-8F39-A203D0BD4AC0}"
EndProject
Global
	GlobalSection(SolutionConfigurationPlatforms) = preSolution
		Debug|Any CPU = Debug|Any CPU
		Release|Any CPU = Release|Any CPU
	EndGlobalSection
	GlobalSection(ProjectConfigurationPlatforms) = postSolution
		{EB1CE1D0-47DF-44F1-9195-0EE848EF3F40}.Debug|Any CPU.ActiveCfg = Debug|Any CPU
		{EB1CE1D0-47DF-44F1-9195-0EE848EF3F40}.Debug|Any CPU.Build.0 = Debug|Any CPU
		{EB1CE1D0-47DF-44F1-9195-0EE848EF3F40}.Release|Any CPU.ActiveCfg = Release|Any CPU
		{EB1CE1D0-47DF-44F1-9195-0EE848EF3F40}.Release|Any CPU.Build.0 = Release|Any CPU
		{C14DDED4-9AA7-472E-9780-203CD4F9D153}.Debug|Any CPU.ActiveCfg = Debug|Any CPU
		{C14DDED4-9AA7-472E-9780-203CD4F9D153}.Debug|Any CPU.Build.0 = Debug|Any CPU
		{C14DDED4-9AA7-472E-9780-203CD4F9D153}.Release|Any CPU.ActiveCfg = Release|Any CPU
		{C14DDED4-9AA7-472E-9780-203CD4F9D153}.Release|Any CPU.Build.0 = Release|Any CPU
		{2FD8DCCD-F23E-43F7-9F30-4BD2F2956035}.Debug|Any CPU.ActiveCfg = Debug|Any CPU
		{2FD8DCCD-F23E-43F7-9F30-4BD2F2956035}.Debug|Any CPU.Build.0 = Debug|Any CPU
		{2FD8DCCD-F23E-43F7-9F30-4BD2F2956035}.Release|Any CPU.ActiveCfg = Release|Any CPU
		{2FD8DCCD-F23E-43F7-9F30-4BD2F2956035}.Release|Any CPU.Build.0 = Release|Any CPU
		{431325DC-C324-45E8-B8CA-8A3A7EBD6FE6}.Debug|Any CPU.ActiveCfg = Debug|Any CPU
		{431325DC-C324-45E8-B8CA-8A3A7EBD6FE6}.Debug|Any CPU.Build.0 = Debug|Any CPU
		{431325DC-C324-45E8-B8CA-8A3A7EBD6FE6}.Release|Any CPU.ActiveCfg = Release|Any CPU
		{431325DC-C324-45E8-B8CA-8A3A7EBD6FE6}.Release|Any CPU.Build.0 = Release|Any CPU
		{E19B9D1F-2A70-4494-8F39-A203D0BD4AC0}.Debug|Any CPU.ActiveCfg = Debug|Any CPU
		{E19B9D1F-2A70-4494-8F39-A203D0BD4AC0}.Debug|Any CPU.Build.0 = Debug|Any CPU
		{E19B9D1F-2A70-4494-8F39-A203D0BD4AC0}.Release|Any CPU.ActiveCfg = Release|Any CPU
		{E19B9D1F-2A70-4494-8F39-A203D0BD4AC0}.Release|Any CPU.Build.0 = Release|Any CPU
	EndGlobalSection
	GlobalSection(SolutionProperties) = preSolution
		HideSolutionNode = FALSE
	EndGlobalSection
EndGlobal
